<?xml version="1.0" encoding="utf-8"?>
<Project ToolsVersion="4.0" xmlns="http://schemas.microsoft.com/developer/msbuild/2003">
  <ItemGroup>
    <Filter Include="Source Files">
      <UniqueIdentifier>{4FC737F1-C7A5-4376-A066-2A32D752A2FF}</UniqueIdentifier>
      <Extensions>cpp;c;cc;cxx;def;odl;idl;hpj;bat;asm;asmx</Extensions>
    </Filter>
    <Filter Include="Header Files">
      <UniqueIdentifier>{93995380-89BD-4b04-88EB-625FBE52EBFB}</UniqueIdentifier>
      <Extensions>h;hh;hpp;hxx;hm;inl;inc;ipp;xsd</Extensions>
    </Filter>
    <Filter Include="Resource Files">
      <UniqueIdentifier>{67DA6AB6-F800-4c08-8B7A-83BB121AAD01}</UniqueIdentifier>
      <Extensions>rc;ico;cur;bmp;dlg;rc2;rct;bin;rgs;gif;jpg;jpeg;jpe;resx;tiff;tif;png;wav;mfcribbon-ms</Extensions>
    </Filter>
  </ItemGroup>
  <ItemGroup>
    <ClCompile Include="src\cgmres_initializer.cpp">
      <Filter>Source Files</Filter>
    </ClCompile>
    <ClCompile Include="src\continuation_gmres.cpp">
      <Filter>Source Files</Filter>
    </ClCompile>
    <ClCompile Include="src\input_saturation.cpp">
      <Filter>Source Files</Filter>
    </ClCompile>
    <ClCompile Include="src\input_saturation_functions.cpp">
      <Filter>Source Files</Filter>
    </ClCompile>
    <ClCompile Include="src\input_saturation_set.cpp">
      <Filter>Source Files</Filter>
    </ClCompile>
    <ClCompile Include="src\linear_algebra.cpp">
      <Filter>Source Files</Filter>
    </ClCompile>
    <ClCompile Include="src\ms_cgmres_with_input_saturation.cpp">
      <Filter>Source Files</Filter>
    </ClCompile>
    <ClCompile Include="src\ms_cgmres_with_input_saturation_initializer.cpp">
      <Filter>Source Files</Filter>
    </ClCompile>
    <ClCompile Include="src\ms_continuation_with_input_saturation.cpp">
      <Filter>Source Files</Filter>
    </ClCompile>
    <ClCompile Include="src\ms_ocp_with_input_saturation.cpp">
      <Filter>Source Files</Filter>
    </ClCompile>
    <ClCompile Include="src\multiple_shooting_cgmres.cpp">
      <Filter>Source Files</Filter>
    </ClCompile>
    <ClCompile Include="src\multiple_shooting_continuation.cpp">
      <Filter>Source Files</Filter>
    </ClCompile>
    <ClCompile Include="src\multiple_shooting_ocp.cpp">
      <Filter>Source Files</Filter>
    </ClCompile>
    <ClCompile Include="src\optimal_control_problem.cpp">
      <Filter>Source Files</Filter>
    </ClCompile>
    <ClCompile Include="src\single_shooting_continuation.cpp">
      <Filter>Source Files</Filter>
    </ClCompile>
    <ClCompile Include="src\single_shooting_ocp.cpp">
      <Filter>Source Files</Filter>
    </ClCompile>
    <ClCompile Include="src\time_varying_smooth_horizon.cpp">
      <Filter>Source Files</Filter>
    </ClCompile>
    <ClCompile Include="src\zero_horizon_ocp.cpp">
      <Filter>Source Files</Filter>
    </ClCompile>
    <ClCompile Include="src\zero_horizon_ocp_with_input_saturation.cpp">
      <Filter>Source Files</Filter>
    </ClCompile>
    <ClCompile Include="src\simulator\numerical_integrator.cpp">
      <Filter>Source Files</Filter>
    </ClCompile>
    <ClCompile Include="src\simulator\save_simulation_data.cpp">
      <Filter>Source Files</Filter>
    </ClCompile>
    <ClCompile Include="hamiltonian.cpp">
      <Filter>Source Files</Filter>
    </ClCompile>
    <ClCompile Include="main.cpp">
      <Filter>Source Files</Filter>
    </ClCompile>
    <ClCompile Include="mmg_eo.cpp">
      <Filter>Source Files</Filter>
    </ClCompile>
    <ClCompile Include="nmpc_model.cpp">
      <Filter>Source Files</Filter>
    </ClCompile>
  </ItemGroup>
  <ItemGroup>
    <ClInclude Include="include\cgmres\continuation_gmres.hpp">
      <Filter>Header Files</Filter>
    </ClInclude>
    <ClInclude Include="include\cgmres\input_saturation.hpp">
      <Filter>Header Files</Filter>
    </ClInclude>
    <ClInclude Include="include\cgmres\input_saturation_functions.hpp">
      <Filter>Header Files</Filter>
    </ClInclude>
    <ClInclude Include="include\cgmres\input_saturation_set.hpp">
      <Filter>Header Files</Filter>
    </ClInclude>
    <ClInclude Include="include\cgmres\linear_algebra.hpp">
      <Filter>Header Files</Filter>
    </ClInclude>
    <ClInclude Include="include\cgmres\matrixfree_gmres.hpp">
      <Filter>Header Files</Filter>
    </ClInclude>
    <ClInclude Include="include\cgmres\ms_cgmres_with_input_saturation.hpp">
      <Filter>Header Files</Filter>
    </ClInclude>
    <ClInclude Include="include\cgmres\ms_cgmres_with_input_saturation_initializer.hpp">
      <Filter>Header Files</Filter>
    </ClInclude>
    <ClInclude Include="include\cgmres\ms_continuation_with_input_saturation.hpp">
      <Filter>Header Files</Filter>
    </ClInclude>
    <ClInclude Include="include\cgmres\ms_ocp_with_input_saturation.hpp">
      <Filter>Header Files</Filter>
    </ClInclude>
    <ClInclude Include="include\cgmres\multiple_shooting_cgmres.hpp">
      <Filter>Header Files</Filter>
    </ClInclude>
    <ClInclude Include="include\cgmres\multiple_shooting_continuation.hpp">
      <Filter>Header Files</Filter>
    </ClInclude>
    <ClInclude Include="include\cgmres\multiple_shooting_ocp.hpp">
      <Filter>Header Files</Filter>
    </ClInclude>
    <ClInclude Include="include\cgmres\newton_gmres_for_ocp.hpp">
      <Filter>Header Files</Filter>
    </ClInclude>
    <ClInclude Include="include\cgmres\optimal_control_problem.hpp">
      <Filter>Header Files</Filter>
    </ClInclude>
    <ClInclude Include="include\cgmres\single_shooting_continuation.hpp">
      <Filter>Header Files</Filter>
    </ClInclude>
    <ClInclude Include="include\cgmres\single_shooting_ocp.hpp">
      <Filter>Header Files</Filter>
    </ClInclude>
    <ClInclude Include="include\cgmres\time_varying_smooth_horizon.hpp">
      <Filter>Header Files</Filter>
    </ClInclude>
    <ClInclude Include="include\cgmres\zero_horizon_ocp.hpp">
      <Filter>Header Files</Filter>
    </ClInclude>
    <ClInclude Include="include\cgmres\zero_horizon_ocp_with_input_saturation.hpp">
      <Filter>Header Files</Filter>
    </ClInclude>
    <ClInclude Include="include\cgmres\simulator\cgmres_simulator.hpp">
      <Filter>Header Files</Filter>
    </ClInclude>
    <ClInclude Include="include\cgmres\simulator\numerical_integrator.hpp">
      <Filter>Header Files</Filter>
    </ClInclude>
    <ClInclude Include="include\cgmres\simulator\save_simulation_data.hpp">
      <Filter>Header Files</Filter>
    </ClInclude>
    <ClInclude Include="include\cgmres\cgmres_initializer.hpp">
      <Filter>Header Files</Filter>
    </ClInclude>
    <ClInclude Include="include\cgmres\hamiltonian.hpp">
      <Filter>Header Files</Filter>
    </ClInclude>
    <ClInclude Include="include\cgmres\mmg_eo.hpp">
      <Filter>Header Files</Filter>
    </ClInclude>
    <ClInclude Include="include\cgmres\nmpc_model.hpp">
      <Filter>Header Files</Filter>
    </ClInclude>
  </ItemGroup>
</Project>